
Microsoft Visual Studio Solution File, Format Version 12.00
# Visual Studio Version 17
VisualStudioVersion = 17.1.32210.238
MinimumVisualStudioVersion = 10.0.40219.1
Project("{FAE04EC0-301F-11D3-BF4B-00C04F79EFBC}") = "0100_area_do_triangulo", "0100_area_do_triangulo.csproj", "{6B200F24-8361-45AD-A8A3-3F0575853EEB}"
EndProject
Global
	GlobalSection(SolutionConfigurationPlatforms) = preSolution
		Debug|Any CPU = Debug|Any CPU
		Release|Any CPU = Release|Any CPU
	EndGlobalSection
	GlobalSection(ProjectConfigurationPlatforms) = postSolution
		{6B200F24-8361-45AD-A8A3-3F0575853EEB}.Debug|Any CPU.ActiveCfg = Debug|Any CPU
		{6B200F24-8361-45AD-A8A3-3F0575853EEB}.Debug|Any CPU.Build.0 = Debug|Any CPU
		{6B200F24-8361-45AD-A8A3-3F0575853EEB}.Release|Any CPU.ActiveCfg = Release|Any CPU
		{6B200F24-8361-45AD-A8A3-3F0575853EEB}.Release|Any CPU.Build.0 = Release|Any CPU
	EndGlobalSection
	GlobalSection(SolutionProperties) = preSolution
		HideSolutionNode = FALSE
	EndGlobalSection
	GlobalSection(ExtensibilityGlobals) = postSolution
		SolutionGuid = {5BC34753-CE6D-4B98-B0D0-73D1C344B0F3}
	EndGlobalSection
EndGlobal
